Microsoft Visual Studio Solution File, Format Version 12.00
# Visual Studio Version 17
VisualStudioVersion = 17.5.2.0
MinimumVisualStudioVersion = 10.0.40219.1
Project("{FAE04EC0-301F-11D3-BF4B-00C04F79EFBC}") = "BigBash", "BigBash.csproj", "{9BA83BC8-CDE9-C8B8-CFB5-766172896873}"
EndProject
Global
	GlobalSection(SolutionConfigurationPlatforms) = preSolution
		Debug|Any CPU = Debug|Any CPU
		Release|Any CPU = Release|Any CPU
	EndGlobalSection
	GlobalSection(ProjectConfigurationPlatforms) = postSolution
		{9BA83BC8-CDE9-C8B8-CFB5-766172896873}.Debug|Any CPU.ActiveCfg = Debug|Any CPU
		{9BA83BC8-CDE9-C8B8-CFB5-766172896873}.Debug|Any CPU.Build.0 = Debug|Any CPU
		{9BA83BC8-CDE9-C8B8-CFB5-766172896873}.Release|Any CPU.ActiveCfg = Release|Any CPU
		{9BA83BC8-CDE9-C8B8-CFB5-766172896873}.Release|Any CPU.Build.0 = Release|Any CPU
	EndGlobalSection
	GlobalSection(SolutionProperties) = preSolution
		HideSolutionNode = FALSE
	EndGlobalSection
	GlobalSection(ExtensibilityGlobals) = postSolution
		SolutionGuid = {DC285D84-B9EB-4B97-B29B-21AD736102FE}
	EndGlobalSection
EndGlobal
